version: 1.0
shards:
  common_mark:
    github: ysbaddaden/crystal-cmark
    commit: 386765a43a59ce1542f869b955af980d29b3d2fd

  crystal_gpx:
    github: akwiatkowski/crystal_gpx
    commit: c75f39b50fbfa3d68cfafefde6df673f1a9d326e

  kemal:
    github: kemalcr/kemal
    commit: 72dc6cf77513e7b392dbeea260eaee4ffb9624b0

  kilt:
    github: jeromegn/kilt
    version: 0.3.3

  multipart:
    github: RX14/multipart.cr
    version: 0.1.2

  radix:
    github: luislavena/radix
    version: 0.3.7

  tremolite:
    github: akwiatkowski/tremolite
    commit: 803a23f876b2a512a66e646dd1fc93b77871a343

