version: 1.0
shards:
  common_mark:
    github: ysbaddaden/crystal-cmark
    commit: 386765a43a59ce1542f869b955af980d29b3d2fd

  crystal_gpx:
    github: akwiatkowski/crystal_gpx
    commit: fd4d057a60ee45b48b28e11badb755ec587aeccd

  kemal:
    github: kemalcr/kemal
    commit: cd5fab8c2f7e279a9e5caaef8efeb46f187f7e0e

  kilt:
    github: jeromegn/kilt
    version: 0.4.0

  radix:
    github: luislavena/radix
    version: 0.3.8

  tremolite:
    github: akwiatkowski/tremolite
    commit: c3c4d38c14bb229dfddb69cdeadf8d867f9f05bf

