version: 2.0
shards:
  common_mark:
    git: https://github.com/ysbaddaden/crystal-cmark.git
    version: 0.3.0+git.commit.58f488cf0ba38fe9d6b92058e04ce6d8b4c34792

  crystal_gpx:
    git: https://github.com/akwiatkowski/crystal_gpx.git
    version: 0.3.1+git.commit.e0220c908e46356fed914cefc5bdc3edab74bdee

  tremolite:
    git: https://github.com/akwiatkowski/tremolite.git
    version: 0.2.2+git.commit.8edd4a74369e01a0d3f110609b190d1b9f1b9568

